
Microsoft Visual Studio Solution File, Format Version 12.00
# Visual Studio Version 17
VisualStudioVersion = 17.5.33516.290
MinimumVisualStudioVersion = 10.0.40219.1
Project("{FAE04EC0-301F-11D3-BF4B-00C04F79EFBC}") = "O5PP4S-mestint_szorgalmi", "O5PP4S-mestint_szorgalmi\O5PP4S-mestint_szorgalmi.csproj", "{BA38A36F-353B-4C62-9A01-5040F499224E}"
EndProject
Global
	GlobalSection(SolutionConfigurationPlatforms) = preSolution
		Debug|Any CPU = Debug|Any CPU
		Release|Any CPU = Release|Any CPU
	EndGlobalSection
	GlobalSection(ProjectConfigurationPlatforms) = postSolution
		{BA38A36F-353B-4C62-9A01-5040F499224E}.Debug|Any CPU.ActiveCfg = Debug|Any CPU
		{BA38A36F-353B-4C62-9A01-5040F499224E}.Debug|Any CPU.Build.0 = Debug|Any CPU
		{BA38A36F-353B-4C62-9A01-5040F499224E}.Release|Any CPU.ActiveCfg = Release|Any CPU
		{BA38A36F-353B-4C62-9A01-5040F499224E}.Release|Any CPU.Build.0 = Release|Any CPU
	EndGlobalSection
	GlobalSection(SolutionProperties) = preSolution
		HideSolutionNode = FALSE
	EndGlobalSection
	GlobalSection(ExtensibilityGlobals) = postSolution
		SolutionGuid = {E1E7AC6B-DA7B-4CDA-9D56-A93D5D140970}
	EndGlobalSection
EndGlobal
